
Microsoft Visual Studio Solution File, Format Version 12.00
# Visual Studio Version 16
VisualStudioVersion = 16.0.32510.428
MinimumVisualStudioVersion = 10.0.40219.1
Project("{9092AA53-FB77-4645-B42D-1CCCA6BD08BD}") = "BPR2", "BPR2\BPR2.njsproj", "{AE0E73EE-2186-4CA5-B264-3BB0ECC71C65}"
EndProject
Global
	GlobalSection(SolutionConfigurationPlatforms) = preSolution
		Debug|Any CPU = Debug|Any CPU
		Release|Any CPU = Release|Any CPU
	EndGlobalSection
	GlobalSection(ProjectConfigurationPlatforms) = postSolution
		{AE0E73EE-2186-4CA5-B264-3BB0ECC71C65}.Debug|Any CPU.ActiveCfg = Debug|Any CPU
		{AE0E73EE-2186-4CA5-B264-3BB0ECC71C65}.Debug|Any CPU.Build.0 = Debug|Any CPU
		{AE0E73EE-2186-4CA5-B264-3BB0ECC71C65}.Release|Any CPU.ActiveCfg = Release|Any CPU
		{AE0E73EE-2186-4CA5-B264-3BB0ECC71C65}.Release|Any CPU.Build.0 = Release|Any CPU
	EndGlobalSection
	GlobalSection(SolutionProperties) = preSolution
		HideSolutionNode = FALSE
	EndGlobalSection
	GlobalSection(ExtensibilityGlobals) = postSolution
		SolutionGuid = {0FDADD6F-EDA4-4B6B-AFC0-AD2EE37C95D2}
	EndGlobalSection
EndGlobal
